{
  "pins" : [
    {
      "identity" : "abseil-cpp-binary",
      "kind" : "remoteSourceControl",
      "location" : "https://github.com/google/abseil-cpp-binary.git",
      "state" : {
        "revision" : "a5f16ba68913840ee5df91b8dc06f5cc063579de",
        "version" : "1.2021110200.0"
      }
    },
    {
      "identity" : "checkout-event-logger-ios-framework",
      "kind" : "remoteSourceControl",
      "location" : "https://github.com/checkout/checkout-event-logger-ios-framework.git",
      "state" : {
        "revision" : "127060063e2b28ca4610269c26da12dc4ca3a781",
        "version" : "1.2.1"
      }
    },
    {
      "identity" : "cosmos",
      "kind" : "remoteSourceControl",
      "location" : "https://github.com/rockwalletcode/cosmos.git",
      "state" : {
        "revision" : "dc2212515e7c830a50f3899b9dabf594bf4df69a",
        "version" : "5.0.2"
      }
    },
    {
      "identity" : "firebase-ios-sdk",
      "kind" : "remoteSourceControl",
      "location" : "https://github.com/firebase/firebase-ios-sdk.git",
      "state" : {
        "revision" : "4961c0b7eb5d794e47a58dbfdd258b4beca4263a",
        "version" : "10.9.0"
      }
    },
    {
      "identity" : "frames-ios",
      "kind" : "remoteSourceControl",
      "location" : "https://github.com/rockwalletcode/frames-ios.git",
      "state" : {
        "revision" : "68e08aa650dff07d28cc0a3edac937510b1ff5e8",
        "version" : "4.0.4"
      }
    },
    {
      "identity" : "google-tag-manager-ios-sdk",
      "kind" : "remoteSourceControl",
      "location" : "https://github.com/googleanalytics/google-tag-manager-ios-sdk.git",
      "state" : {
        "revision" : "401bb9a21979e9dcfa8cebb00611d1b1a75272a1",
        "version" : "7.4.3"
      }
    },
    {
      "identity" : "googleappmeasurement",
      "kind" : "remoteSourceControl",
      "location" : "https://github.com/google/GoogleAppMeasurement.git",
      "state" : {
        "revision" : "9209b95a2593985569918e5e5ee2bf4ef8ff3640",
        "version" : "10.9.0"
      }
    },
    {
      "identity" : "googledatatransport",
      "kind" : "remoteSourceControl",
      "location" : "https://github.com/google/GoogleDataTransport.git",
      "state" : {
        "revision" : "f6b558e3f801f2cac336b04f615ce111fa9ddaa0",
        "version" : "9.2.1"
      }
    },
    {
      "identity" : "googleutilities",
      "kind" : "remoteSourceControl",
      "location" : "https://github.com/google/GoogleUtilities.git",
      "state" : {
        "revision" : "0543562f85620b5b7c510c6bcbef75b562a5127b",
        "version" : "7.11.0"
      }
    },
    {
      "identity" : "grpc-binary",
      "kind" : "remoteSourceControl",
      "location" : "https://github.com/google/grpc-binary.git",
      "state" : {
        "revision" : "df37f6af8a273bc687e3166843ed86007de57d78",
        "version" : "1.44.0"
      }
    },
    {
      "identity" : "gtm-session-fetcher",
      "kind" : "remoteSourceControl",
      "location" : "https://github.com/google/gtm-session-fetcher.git",
      "state" : {
        "revision" : "d415594121c9e8a4f9d79cecee0965cf35e74dbd",
        "version" : "3.1.1"
      }
    },
    {
      "identity" : "iqkeyboardmanager",
      "kind" : "remoteSourceControl",
      "location" : "https://github.com/rockwalletcode/IQKeyboardManager.git",
      "state" : {
        "revision" : "0ea3febb36cfcec2afb5841fd8809a9c0fa545b3",
        "version" : "6.5.11"
      }
    },
    {
      "identity" : "leveldb",
      "kind" : "remoteSourceControl",
      "location" : "https://github.com/firebase/leveldb.git",
      "state" : {
        "revision" : "0706abcc6b0bd9cedfbb015ba840e4a780b5159b",
        "version" : "1.22.2"
      }
    },
    {
      "identity" : "lottie-ios",
      "kind" : "remoteSourceControl",
      "location" : "https://github.com/rockwalletcode/lottie-ios.git",
      "state" : {
        "revision" : "b4bd0604ded9574807f41b4004b57dd1226a30a4",
        "version" : "3.5.0"
      }
    },
    {
      "identity" : "nanopb",
      "kind" : "remoteSourceControl",
      "location" : "https://github.com/firebase/nanopb.git",
      "state" : {
        "revision" : "819d0a2173aff699fb8c364b6fb906f7cdb1a692",
        "version" : "2.30909.0"
      }
    },
    {
      "identity" : "phonenumberkit",
      "kind" : "remoteSourceControl",
      "location" : "https://github.com/marmelroy/PhoneNumberKit.git",
      "state" : {
        "revision" : "434a7432cceca19829bc6e34bdcfc0b0ee4c6801",
        "version" : "3.5.7"
      }
    },
    {
      "identity" : "plaid-link-ios",
      "kind" : "remoteSourceControl",
      "location" : "https://github.com/rockwalletcode/plaid-link-ios.git",
      "state" : {
        "revision" : "e0c37ef66c511a29023986c35d14c99506edacde",
        "version" : "4.2.0"
      }
    },
    {
      "identity" : "promises",
      "kind" : "remoteSourceControl",
      "location" : "https://github.com/google/promises.git",
      "state" : {
        "revision" : "ec957ccddbcc710ccc64c9dcbd4c7006fcf8b73a",
        "version" : "2.2.0"
      }
    },
    {
      "identity" : "sardine-ios",
      "kind" : "remoteSourceControl",
      "location" : "https://github.com/rockwalletcode/sardine-ios.git",
      "state" : {
        "revision" : "77f943e9a7c2b0b855ecd6d9b4907315bf2942d8",
        "version" : "1.0.2"
      }
    },
    {
      "identity" : "snapkit",
      "kind" : "remoteSourceControl",
      "location" : "https://github.com/rockwalletcode/SnapKit.git",
      "state" : {
        "revision" : "f222cbdf325885926566172f6f5f06af95473158",
        "version" : "5.6.0"
      }
    },
    {
      "identity" : "swift-protobuf",
      "kind" : "remoteSourceControl",
      "location" : "https://github.com/apple/swift-protobuf.git",
      "state" : {
        "revision" : "0af9125c4eae12a4973fb66574c53a54962a9e1e",
        "version" : "1.21.0"
      }
    },
    {
      "identity" : "veriff-ios-spm",
      "kind" : "remoteSourceControl",
      "location" : "https://github.com/rockwalletcode/veriff-ios-spm.git",
      "state" : {
        "revision" : "b8b0e948fb6c34048a7fa87c77541ff822a08305",
        "version" : "6.8.0"
      }
    },
    {
      "identity" : "wallet-kit",
      "kind" : "remoteSourceControl",
      "location" : "https://github.com/rockwalletcode/wallet-kit.git",
      "state" : {
        "revision" : "a9e50cce4496e2510c309029e72e1aa8a79f0743",
        "version" : "5.0.23"
      }
    },
    {
      "identity" : "wallet-kit-core",
      "kind" : "remoteSourceControl",
      "location" : "https://github.com/rockwalletcode/wallet-kit-core.git",
      "state" : {
        "revision" : "5cbe33472894bdaf20878befae6bc229024ff0f5",
        "version" : "5.0.23"
      }
    }
  ],
  "version" : 2
}
