{
  "pins" : [
    {
      "identity" : "checkout-event-logger-ios-framework",
      "kind" : "remoteSourceControl",
      "location" : "https://github.com/checkout/checkout-event-logger-ios-framework.git",
      "state" : {
        "revision" : "127060063e2b28ca4610269c26da12dc4ca3a781",
        "version" : "1.2.1"
      }
    },
    {
      "identity" : "cosmos",
      "kind" : "remoteSourceControl",
      "location" : "https://github.com/rockwalletcode/cosmos.git",
      "state" : {
        "revision" : "dc2212515e7c830a50f3899b9dabf594bf4df69a",
        "version" : "5.0.2"
      }
    },
    {
      "identity" : "frames-ios",
      "kind" : "remoteSourceControl",
      "location" : "https://github.com/rockwalletcode/frames-ios.git",
      "state" : {
        "revision" : "68e08aa650dff07d28cc0a3edac937510b1ff5e8",
        "version" : "4.0.4"
      }
    },
    {
      "identity" : "iqkeyboardmanager",
      "kind" : "remoteSourceControl",
      "location" : "https://github.com/rockwalletcode/IQKeyboardManager.git",
      "state" : {
        "revision" : "0ea3febb36cfcec2afb5841fd8809a9c0fa545b3",
        "version" : "6.5.11"
      }
    },
    {
      "identity" : "lottie-ios",
      "kind" : "remoteSourceControl",
      "location" : "https://github.com/rockwalletcode/lottie-ios.git",
      "state" : {
        "revision" : "57fd1ec26f5cb00a8e5082f2b22ef300bda66ed5",
        "version" : "4.0.0"
      }
    },
    {
      "identity" : "phonenumberkit",
      "kind" : "remoteSourceControl",
      "location" : "https://github.com/marmelroy/PhoneNumberKit.git",
      "state" : {
        "revision" : "434a7432cceca19829bc6e34bdcfc0b0ee4c6801",
        "version" : "3.5.7"
      }
    },
    {
      "identity" : "plaid-link-ios",
      "kind" : "remoteSourceControl",
      "location" : "https://github.com/rockwalletcode/plaid-link-ios.git",
      "state" : {
        "revision" : "e0c37ef66c511a29023986c35d14c99506edacde",
        "version" : "4.2.0"
      }
    },
    {
      "identity" : "sardine-ios",
      "kind" : "remoteSourceControl",
      "location" : "https://github.com/rockwalletcode/sardine-ios.git",
      "state" : {
        "revision" : "77f943e9a7c2b0b855ecd6d9b4907315bf2942d8",
        "version" : "1.0.2"
      }
    },
    {
      "identity" : "snapkit",
      "kind" : "remoteSourceControl",
      "location" : "https://github.com/rockwalletcode/SnapKit.git",
      "state" : {
        "revision" : "f222cbdf325885926566172f6f5f06af95473158",
        "version" : "5.6.0"
      }
    },
    {
      "identity" : "veriff-ios-spm",
      "kind" : "remoteSourceControl",
      "location" : "https://github.com/rockwalletcode/veriff-ios-spm",
      "state" : {
        "revision" : "12403e2bb60e13aed3dada22b26bd200c0715205",
        "version" : "4.51.0"
      }
    },
    {
      "identity" : "wallet-kit",
      "kind" : "remoteSourceControl",
      "location" : "https://github.com/rockwalletcode/wallet-kit.git",
      "state" : {
        "revision" : "43870d6324c297e4fe89a1753d033b0c2f8e941c",
        "version" : "5.0.14"
      }
    },
    {
      "identity" : "wallet-kit-core",
      "kind" : "remoteSourceControl",
      "location" : "https://github.com/rockwalletcode/wallet-kit-core.git",
      "state" : {
        "revision" : "ee116ab18ccf9d5297cf0e5c1258c4aca1b43639",
        "version" : "5.0.14"
      }
    }
  ],
  "version" : 2
}
