{
  "pins" : [
    {
      "identity" : "checkout-event-logger-ios-framework",
      "kind" : "remoteSourceControl",
      "location" : "https://github.com/checkout/checkout-event-logger-ios-framework.git",
      "state" : {
        "revision" : "127060063e2b28ca4610269c26da12dc4ca3a781",
        "version" : "1.2.1"
      }
    },
    {
      "identity" : "cosmos",
      "kind" : "remoteSourceControl",
      "location" : "https://github.com/rockwalletcode/cosmos.git",
      "state" : {
        "revision" : "dc2212515e7c830a50f3899b9dabf594bf4df69a",
        "version" : "5.0.2"
      }
    },
    {
      "identity" : "frames-ios",
      "kind" : "remoteSourceControl",
      "location" : "https://github.com/checkout/frames-ios.git",
      "state" : {
        "revision" : "431a2bcc1792bfdc30906d8277e28b802285122d",
        "version" : "4.0.3"
      }
    },
    {
      "identity" : "iqkeyboardmanager",
      "kind" : "remoteSourceControl",
      "location" : "https://github.com/hackiftekhar/IQKeyboardManager.git",
      "state" : {
        "revision" : "474f849accae40fe61b5302d9b057dd48ee073ba",
        "version" : "6.5.9"
      }
    },
    {
      "identity" : "lottie-ios",
      "kind" : "remoteSourceControl",
      "location" : "https://github.com/airbnb/lottie-ios.git",
      "state" : {
        "revision" : "b4bd0604ded9574807f41b4004b57dd1226a30a4",
        "version" : "3.5.0"
      }
    },
    {
      "identity" : "phonenumberkit",
      "kind" : "remoteSourceControl",
      "location" : "https://github.com/marmelroy/PhoneNumberKit.git",
      "state" : {
        "revision" : "ade48cc2d09c3180ac6e179577633b8c2660a8bf",
        "version" : "3.5.0"
      }
    },
    {
      "identity" : "plaid-link-ios",
      "kind" : "remoteSourceControl",
      "location" : "https://github.com/plaid/plaid-link-ios",
      "state" : {
        "revision" : "8c0ca813013037e79b0a2ffb08d989b368473711",
        "version" : "4.0.1"
      }
    },
    {
      "identity" : "snapkit",
      "kind" : "remoteSourceControl",
      "location" : "https://github.com/SnapKit/SnapKit.git",
      "state" : {
        "revision" : "f222cbdf325885926566172f6f5f06af95473158",
        "version" : "5.6.0"
      }
    },
    {
      "identity" : "walletkitcore",
      "kind" : "remoteSourceControl",
      "location" : "https://github.com/rockwalletcode/WalletKitCore.git",
      "state" : {
        "revision" : "f8076654e33d33faa6ef723bce0c99e26d3ba358",
        "version" : "5.0.6"
      }
    },
    {
      "identity" : "walletkitswift",
      "kind" : "remoteSourceControl",
      "location" : "https://github.com/rockwalletcode/WalletKitSwift.git",
      "state" : {
        "revision" : "ebe17412ac1e1f2cf18e5a1f32f7ff24bc1d7c6a",
        "version" : "5.0.6"
      }
    }
  ],
  "version" : 2
}
