{
  "pins" : [
    {
      "identity" : "checkout-event-logger-ios-framework",
      "kind" : "remoteSourceControl",
      "location" : "https://github.com/checkout/checkout-event-logger-ios-framework.git",
      "state" : {
        "revision" : "2ef34662f1525526aeb5681c6af5f69572ab36c9",
        "version" : "1.2.0"
      }
    },
    {
      "identity" : "cosmos",
      "kind" : "remoteSourceControl",
      "location" : "https://github.com/rockwalletcode/cosmos.git",
      "state" : {
        "branch" : "main",
        "revision" : "a300c97b1db75696f935e01029faccc4eac1459e"
      }
    },
    {
      "identity" : "frames-ios",
      "kind" : "remoteSourceControl",
      "location" : "https://github.com/checkout/frames-ios.git",
      "state" : {
        "revision" : "659b4c58b0987fc68d197e21dcb0ec90e55a4fc0",
        "version" : "3.5.3"
      }
    },
    {
      "identity" : "iqkeyboardmanager",
      "kind" : "remoteSourceControl",
      "location" : "https://github.com/hackiftekhar/IQKeyboardManager.git",
      "state" : {
        "revision" : "474f849accae40fe61b5302d9b057dd48ee073ba",
        "version" : "6.5.9"
      }
    },
    {
      "identity" : "phonenumberkit",
      "kind" : "remoteSourceControl",
      "location" : "https://github.com/marmelroy/PhoneNumberKit.git",
      "state" : {
        "revision" : "2964493a52e64812833662a7bd19def82f35973c",
        "version" : "3.4.10"
      }
    },
    {
      "identity" : "plaid-link-ios",
      "kind" : "remoteSourceControl",
      "location" : "https://github.com/plaid/plaid-link-ios",
      "state" : {
        "branch" : "master",
        "revision" : "8c0ca813013037e79b0a2ffb08d989b368473711"
      }
    },
    {
      "identity" : "snapkit",
      "kind" : "remoteSourceControl",
      "location" : "https://github.com/SnapKit/SnapKit.git",
      "state" : {
        "revision" : "f222cbdf325885926566172f6f5f06af95473158",
        "version" : "5.6.0"
      }
    },
    {
      "identity" : "walletkitcore",
      "kind" : "remoteSourceControl",
      "location" : "https://github.com/rockwalletcode/WalletKitCore.git",
      "state" : {
        "branch" : "main",
        "revision" : "12f02841e6becfe9c871b618415d211a4c23b942"
      }
    },
    {
      "identity" : "walletkitswift",
      "kind" : "remoteSourceControl",
      "location" : "https://github.com/rockwalletcode/WalletKitSwift.git",
      "state" : {
        "branch" : "main",
        "revision" : "c4451c1bd281c90e4b10067ae485a017f26e2600"
      }
    }
  ],
  "version" : 2
}
